{
  "name": "wxtest",
  "version": "1.0.0",
  "lockfileVersion": 1,
  "requires": true,
  "dependencies": {
    "vant-weapp": {
      "version": "0.3.0",
      "resolved": "https://registry.npmjs.org/vant-weapp/-/vant-weapp-0.3.0.tgz",
      "integrity": "sha512-sV+Bex/YzLtx5bch1K4OdeH49cIKSw9M6coSQvpa0ebLcZl5GYBBH9Z22V3TKzKIPJN5Gr1ZkR4o4Q/mpQ7f1Q=="
    }
  }
}
